
Microsoft Visual Studio Solution File, Format Version 12.00
# Visual Studio Version 17
VisualStudioVersion = 17.11.35312.102
MinimumVisualStudioVersion = 10.0.40219.1
Project("{FAE04EC0-301F-11D3-BF4B-00C04F79EFBC}") = "21521003_ECommerce", "21521003_ECommerce\21521003_ECommerce.csproj", "{E7422CF3-1CD9-46E5-B7D1-591DB8E01914}"
EndProject
Global
	GlobalSection(SolutionConfigurationPlatforms) = preSolution
		Debug|Any CPU = Debug|Any CPU
		Release|Any CPU = Release|Any CPU
	EndGlobalSection
	GlobalSection(ProjectConfigurationPlatforms) = postSolution
		{E7422CF3-1CD9-46E5-B7D1-591DB8E01914}.Debug|Any CPU.ActiveCfg = Debug|Any CPU
		{E7422CF3-1CD9-46E5-B7D1-591DB8E01914}.Debug|Any CPU.Build.0 = Debug|Any CPU
		{E7422CF3-1CD9-46E5-B7D1-591DB8E01914}.Release|Any CPU.ActiveCfg = Release|Any CPU
		{E7422CF3-1CD9-46E5-B7D1-591DB8E01914}.Release|Any CPU.Build.0 = Release|Any CPU
	EndGlobalSection
	GlobalSection(SolutionProperties) = preSolution
		HideSolutionNode = FALSE
	EndGlobalSection
	GlobalSection(ExtensibilityGlobals) = postSolution
		SolutionGuid = {D9EB5FB0-387E-4193-ACA5-ECB3FE642551}
	EndGlobalSection
EndGlobal
